
Microsoft Visual Studio Solution File, Format Version 12.00
Project("{FAE04EC0-301F-11D3-BF4B-00C04F79EFBC}") = "API", "API\API.csproj", "{9F6568C1-674A-4958-9715-11C2A9FC9B5B}"
EndProject
Project("{FAE04EC0-301F-11D3-BF4B-00C04F79EFBC}") = "Domain", "Domain\Domain.csproj", "{5318CB15-ED3E-4FDD-8DBB-67E1FC93ED61}"
EndProject
Project("{FAE04EC0-301F-11D3-BF4B-00C04F79EFBC}") = "Infraestructure", "Infraestructure\Infraestructure.csproj", "{67F124E0-C695-43C3-815D-CF86D3841D52}"
EndProject
Global
	GlobalSection(SolutionConfigurationPlatforms) = preSolution
		Debug|Any CPU = Debug|Any CPU
		Release|Any CPU = Release|Any CPU
	EndGlobalSection
	GlobalSection(ProjectConfigurationPlatforms) = postSolution
		{9F6568C1-674A-4958-9715-11C2A9FC9B5B}.Debug|Any CPU.ActiveCfg = Debug|Any CPU
		{9F6568C1-674A-4958-9715-11C2A9FC9B5B}.Debug|Any CPU.Build.0 = Debug|Any CPU
		{9F6568C1-674A-4958-9715-11C2A9FC9B5B}.Release|Any CPU.ActiveCfg = Release|Any CPU
		{9F6568C1-674A-4958-9715-11C2A9FC9B5B}.Release|Any CPU.Build.0 = Release|Any CPU
		{5318CB15-ED3E-4FDD-8DBB-67E1FC93ED61}.Debug|Any CPU.ActiveCfg = Debug|Any CPU
		{5318CB15-ED3E-4FDD-8DBB-67E1FC93ED61}.Debug|Any CPU.Build.0 = Debug|Any CPU
		{5318CB15-ED3E-4FDD-8DBB-67E1FC93ED61}.Release|Any CPU.ActiveCfg = Release|Any CPU
		{5318CB15-ED3E-4FDD-8DBB-67E1FC93ED61}.Release|Any CPU.Build.0 = Release|Any CPU
		{67F124E0-C695-43C3-815D-CF86D3841D52}.Debug|Any CPU.ActiveCfg = Debug|Any CPU
		{67F124E0-C695-43C3-815D-CF86D3841D52}.Debug|Any CPU.Build.0 = Debug|Any CPU
		{67F124E0-C695-43C3-815D-CF86D3841D52}.Release|Any CPU.ActiveCfg = Release|Any CPU
		{67F124E0-C695-43C3-815D-CF86D3841D52}.Release|Any CPU.Build.0 = Release|Any CPU
	EndGlobalSection
EndGlobal
